
Microsoft Visual Studio Solution File, Format Version 12.00
# Visual Studio Version 16
VisualStudioVersion = 16.0.31515.178
MinimumVisualStudioVersion = 10.0.40219.1
Project("{8BC9CEB8-8B4A-11D0-8D11-00A0C91BC942}") = "VirtualMemoryReplaceDll", "VirtualMemoryReplaceDll\VirtualMemoryReplaceDll.vcxproj", "{9A2B87BA-076D-49CE-B571-CC233C888548}"
EndProject
Project("{8BC9CEB8-8B4A-11D0-8D11-00A0C91BC942}") = "StaticImport", "StaticImport\StaticImport.vcxproj", "{E3AC778A-D259-4053-A0AA-A64D06DE5A38}"
EndProject
Project("{8BC9CEB8-8B4A-11D0-8D11-00A0C91BC942}") = "DynamicImport", "DynamicImport\DynamicImport.vcxproj", "{327AEC16-A008-461A-B099-40FF1F34074B}"
EndProject
Project("{8BC9CEB8-8B4A-11D0-8D11-00A0C91BC942}") = "Injector", "Injector\Injector.vcxproj", "{F3004BDE-0AB1-465F-B73D-3CCFFEB8DC5A}"
EndProject
Project("{8BC9CEB8-8B4A-11D0-8D11-00A0C91BC942}") = "InjectionTest", "InjectionTest\InjectionTest.vcxproj", "{FE426FCD-25D5-4AFA-AEC9-0F5BF5B6B014}"
EndProject
Global
	GlobalSection(SolutionConfigurationPlatforms) = preSolution
		Debug|x64 = Debug|x64
		Debug|x86 = Debug|x86
		Release|x64 = Release|x64
		Release|x86 = Release|x86
	EndGlobalSection
	GlobalSection(ProjectConfigurationPlatforms) = postSolution
		{9A2B87BA-076D-49CE-B571-CC233C888548}.Debug|x64.ActiveCfg = Debug|x64
		{9A2B87BA-076D-49CE-B571-CC233C888548}.Debug|x64.Build.0 = Debug|x64
		{9A2B87BA-076D-49CE-B571-CC233C888548}.Debug|x86.ActiveCfg = Debug|Win32
		{9A2B87BA-076D-49CE-B571-CC233C888548}.Debug|x86.Build.0 = Debug|Win32
		{9A2B87BA-076D-49CE-B571-CC233C888548}.Release|x64.ActiveCfg = Release|x64
		{9A2B87BA-076D-49CE-B571-CC233C888548}.Release|x64.Build.0 = Release|x64
		{9A2B87BA-076D-49CE-B571-CC233C888548}.Release|x86.ActiveCfg = Release|Win32
		{9A2B87BA-076D-49CE-B571-CC233C888548}.Release|x86.Build.0 = Release|Win32
		{E3AC778A-D259-4053-A0AA-A64D06DE5A38}.Debug|x64.ActiveCfg = Debug|x64
		{E3AC778A-D259-4053-A0AA-A64D06DE5A38}.Debug|x64.Build.0 = Debug|x64
		{E3AC778A-D259-4053-A0AA-A64D06DE5A38}.Debug|x86.ActiveCfg = Debug|Win32
		{E3AC778A-D259-4053-A0AA-A64D06DE5A38}.Debug|x86.Build.0 = Debug|Win32
		{E3AC778A-D259-4053-A0AA-A64D06DE5A38}.Release|x64.ActiveCfg = Release|x64
		{E3AC778A-D259-4053-A0AA-A64D06DE5A38}.Release|x64.Build.0 = Release|x64
		{E3AC778A-D259-4053-A0AA-A64D06DE5A38}.Release|x86.ActiveCfg = Release|Win32
		{E3AC778A-D259-4053-A0AA-A64D06DE5A38}.Release|x86.Build.0 = Release|Win32
		{327AEC16-A008-461A-B099-40FF1F34074B}.Debug|x64.ActiveCfg = Debug|x64
		{327AEC16-A008-461A-B099-40FF1F34074B}.Debug|x64.Build.0 = Debug|x64
		{327AEC16-A008-461A-B099-40FF1F34074B}.Debug|x86.ActiveCfg = Debug|Win32
		{327AEC16-A008-461A-B099-40FF1F34074B}.Debug|x86.Build.0 = Debug|Win32
		{327AEC16-A008-461A-B099-40FF1F34074B}.Release|x64.ActiveCfg = Release|x64
		{327AEC16-A008-461A-B099-40FF1F34074B}.Release|x64.Build.0 = Release|x64
		{327AEC16-A008-461A-B099-40FF1F34074B}.Release|x86.ActiveCfg = Release|Win32
		{327AEC16-A008-461A-B099-40FF1F34074B}.Release|x86.Build.0 = Release|Win32
		{F3004BDE-0AB1-465F-B73D-3CCFFEB8DC5A}.Debug|x64.ActiveCfg = Debug|x64
		{F3004BDE-0AB1-465F-B73D-3CCFFEB8DC5A}.Debug|x64.Build.0 = Debug|x64
		{F3004BDE-0AB1-465F-B73D-3CCFFEB8DC5A}.Debug|x86.ActiveCfg = Debug|Win32
		{F3004BDE-0AB1-465F-B73D-3CCFFEB8DC5A}.Debug|x86.Build.0 = Debug|Win32
		{F3004BDE-0AB1-465F-B73D-3CCFFEB8DC5A}.Release|x64.ActiveCfg = Release|x64
		{F3004BDE-0AB1-465F-B73D-3CCFFEB8DC5A}.Release|x64.Build.0 = Release|x64
		{F3004BDE-0AB1-465F-B73D-3CCFFEB8DC5A}.Release|x86.ActiveCfg = Release|Win32
		{F3004BDE-0AB1-465F-B73D-3CCFFEB8DC5A}.Release|x86.Build.0 = Release|Win32
		{FE426FCD-25D5-4AFA-AEC9-0F5BF5B6B014}.Debug|x64.ActiveCfg = Debug|x64
		{FE426FCD-25D5-4AFA-AEC9-0F5BF5B6B014}.Debug|x64.Build.0 = Debug|x64
		{FE426FCD-25D5-4AFA-AEC9-0F5BF5B6B014}.Debug|x86.ActiveCfg = Debug|Win32
		{FE426FCD-25D5-4AFA-AEC9-0F5BF5B6B014}.Debug|x86.Build.0 = Debug|Win32
		{FE426FCD-25D5-4AFA-AEC9-0F5BF5B6B014}.Release|x64.ActiveCfg = Release|x64
		{FE426FCD-25D5-4AFA-AEC9-0F5BF5B6B014}.Release|x64.Build.0 = Release|x64
		{FE426FCD-25D5-4AFA-AEC9-0F5BF5B6B014}.Release|x86.ActiveCfg = Release|Win32
		{FE426FCD-25D5-4AFA-AEC9-0F5BF5B6B014}.Release|x86.Build.0 = Release|Win32
	EndGlobalSection
	GlobalSection(SolutionProperties) = preSolution
		HideSolutionNode = FALSE
	EndGlobalSection
	GlobalSection(ExtensibilityGlobals) = postSolution
		SolutionGuid = {997F3055-3E77-4F8C-A79A-0BD61D8427C5}
	EndGlobalSection
EndGlobal
